
Microsoft Visual Studio Solution File, Format Version 12.00
# Visual Studio 2013
VisualStudioVersion = 12.0.31101.0
MinimumVisualStudioVersion = 10.0.40219.1
Project("{8BC9CEB8-8B4A-11D0-8D11-00A0C91BC942}") = "liblsh", "liblsh\liblsh.vcxproj", "{E8F00B73-0DD0-439D-8540-7CE51F8A4B47}"
EndProject
Project("{8BC9CEB8-8B4A-11D0-8D11-00A0C91BC942}") = "lsh", "lsh\lsh.vcxproj", "{F5968B5B-9E0C-49D4-A08E-03A8D91D6428}"
EndProject
Project("{8BC9CEB8-8B4A-11D0-8D11-00A0C91BC942}") = "lsh_test", "lsh_test\lsh_test.vcxproj", "{993D928E-02E9-4162-9D16-D7FFA7812D49}"
EndProject
Global
	GlobalSection(SolutionConfigurationPlatforms) = preSolution
		Debug|Win32 = Debug|Win32
		Debug|x64 = Debug|x64
		Release|Win32 = Release|Win32
		Release|x64 = Release|x64
	EndGlobalSection
	GlobalSection(ProjectConfigurationPlatforms) = postSolution
		{E8F00B73-0DD0-439D-8540-7CE51F8A4B47}.Debug|Win32.ActiveCfg = Debug|Win32
		{E8F00B73-0DD0-439D-8540-7CE51F8A4B47}.Debug|Win32.Build.0 = Debug|Win32
		{E8F00B73-0DD0-439D-8540-7CE51F8A4B47}.Debug|x64.ActiveCfg = Debug|x64
		{E8F00B73-0DD0-439D-8540-7CE51F8A4B47}.Debug|x64.Build.0 = Debug|x64
		{E8F00B73-0DD0-439D-8540-7CE51F8A4B47}.Release|Win32.ActiveCfg = Release|Win32
		{E8F00B73-0DD0-439D-8540-7CE51F8A4B47}.Release|Win32.Build.0 = Release|Win32
		{E8F00B73-0DD0-439D-8540-7CE51F8A4B47}.Release|x64.ActiveCfg = Release|x64
		{E8F00B73-0DD0-439D-8540-7CE51F8A4B47}.Release|x64.Build.0 = Release|x64
		{F5968B5B-9E0C-49D4-A08E-03A8D91D6428}.Debug|Win32.ActiveCfg = Debug|Win32
		{F5968B5B-9E0C-49D4-A08E-03A8D91D6428}.Debug|Win32.Build.0 = Debug|Win32
		{F5968B5B-9E0C-49D4-A08E-03A8D91D6428}.Debug|x64.ActiveCfg = Debug|x64
		{F5968B5B-9E0C-49D4-A08E-03A8D91D6428}.Debug|x64.Build.0 = Debug|x64
		{F5968B5B-9E0C-49D4-A08E-03A8D91D6428}.Release|Win32.ActiveCfg = Release|Win32
		{F5968B5B-9E0C-49D4-A08E-03A8D91D6428}.Release|Win32.Build.0 = Release|Win32
		{F5968B5B-9E0C-49D4-A08E-03A8D91D6428}.Release|x64.ActiveCfg = Release|x64
		{F5968B5B-9E0C-49D4-A08E-03A8D91D6428}.Release|x64.Build.0 = Release|x64
		{993D928E-02E9-4162-9D16-D7FFA7812D49}.Debug|Win32.ActiveCfg = Debug|Win32
		{993D928E-02E9-4162-9D16-D7FFA7812D49}.Debug|Win32.Build.0 = Debug|Win32
		{993D928E-02E9-4162-9D16-D7FFA7812D49}.Debug|x64.ActiveCfg = Debug|x64
		{993D928E-02E9-4162-9D16-D7FFA7812D49}.Debug|x64.Build.0 = Debug|x64
		{993D928E-02E9-4162-9D16-D7FFA7812D49}.Release|Win32.ActiveCfg = Release|Win32
		{993D928E-02E9-4162-9D16-D7FFA7812D49}.Release|Win32.Build.0 = Release|Win32
		{993D928E-02E9-4162-9D16-D7FFA7812D49}.Release|x64.ActiveCfg = Release|x64
		{993D928E-02E9-4162-9D16-D7FFA7812D49}.Release|x64.Build.0 = Release|x64
	EndGlobalSection
	GlobalSection(SolutionProperties) = preSolution
		HideSolutionNode = FALSE
	EndGlobalSection
EndGlobal
